
Microsoft Visual Studio Solution File, Format Version 12.00
# Visual Studio Version 17
VisualStudioVersion = 17.0.31903.59
MinimumVisualStudioVersion = 10.0.40219.1
Project("{FAE04EC0-301F-11D3-BF4B-00C04F79EFBC}") = "TaskManager.Api", "TaskManager.Api\TaskManager.Api.csproj", "{6700D220-0E8D-434C-8C59-151700451C33}"
EndProject
Project("{FAE04EC0-301F-11D3-BF4B-00C04F79EFBC}") = "TaskManager.Client", "TaskManager.Client\TaskManager.Client.csproj", "{26029C52-2765-499A-98DC-1906DF4C763D}"
EndProject
Project("{FAE04EC0-301F-11D3-BF4B-00C04F79EFBC}") = "TaskManager.Shared", "TaskManager.Shared\TaskManager.Shared.csproj", "{E1BA572D-E919-4511-B740-686FFF378BD0}"
EndProject
Global
	GlobalSection(SolutionConfigurationPlatforms) = preSolution
		Debug|Any CPU = Debug|Any CPU
		Debug|x64 = Debug|x64
		Debug|x86 = Debug|x86
		Release|Any CPU = Release|Any CPU
		Release|x64 = Release|x64
		Release|x86 = Release|x86
	EndGlobalSection
	GlobalSection(ProjectConfigurationPlatforms) = postSolution
		{6700D220-0E8D-434C-8C59-151700451C33}.Debug|Any CPU.ActiveCfg = Debug|Any CPU
		{6700D220-0E8D-434C-8C59-151700451C33}.Debug|Any CPU.Build.0 = Debug|Any CPU
		{6700D220-0E8D-434C-8C59-151700451C33}.Debug|x64.ActiveCfg = Debug|Any CPU
		{6700D220-0E8D-434C-8C59-151700451C33}.Debug|x64.Build.0 = Debug|Any CPU
		{6700D220-0E8D-434C-8C59-151700451C33}.Debug|x86.ActiveCfg = Debug|Any CPU
		{6700D220-0E8D-434C-8C59-151700451C33}.Debug|x86.Build.0 = Debug|Any CPU
		{6700D220-0E8D-434C-8C59-151700451C33}.Release|Any CPU.ActiveCfg = Release|Any CPU
		{6700D220-0E8D-434C-8C59-151700451C33}.Release|Any CPU.Build.0 = Release|Any CPU
		{6700D220-0E8D-434C-8C59-151700451C33}.Release|x64.ActiveCfg = Release|Any CPU
		{6700D220-0E8D-434C-8C59-151700451C33}.Release|x64.Build.0 = Release|Any CPU
		{6700D220-0E8D-434C-8C59-151700451C33}.Release|x86.ActiveCfg = Release|Any CPU
		{6700D220-0E8D-434C-8C59-151700451C33}.Release|x86.Build.0 = Release|Any CPU
		{26029C52-2765-499A-98DC-1906DF4C763D}.Debug|Any CPU.ActiveCfg = Debug|Any CPU
		{26029C52-2765-499A-98DC-1906DF4C763D}.Debug|Any CPU.Build.0 = Debug|Any CPU
		{26029C52-2765-499A-98DC-1906DF4C763D}.Debug|x64.ActiveCfg = Debug|Any CPU
		{26029C52-2765-499A-98DC-1906DF4C763D}.Debug|x64.Build.0 = Debug|Any CPU
		{26029C52-2765-499A-98DC-1906DF4C763D}.Debug|x86.ActiveCfg = Debug|Any CPU
		{26029C52-2765-499A-98DC-1906DF4C763D}.Debug|x86.Build.0 = Debug|Any CPU
		{26029C52-2765-499A-98DC-1906DF4C763D}.Release|Any CPU.ActiveCfg = Release|Any CPU
		{26029C52-2765-499A-98DC-1906DF4C763D}.Release|Any CPU.Build.0 = Release|Any CPU
		{26029C52-2765-499A-98DC-1906DF4C763D}.Release|x64.ActiveCfg = Release|Any CPU
		{26029C52-2765-499A-98DC-1906DF4C763D}.Release|x64.Build.0 = Release|Any CPU
		{26029C52-2765-499A-98DC-1906DF4C763D}.Release|x86.ActiveCfg = Release|Any CPU
		{26029C52-2765-499A-98DC-1906DF4C763D}.Release|x86.Build.0 = Release|Any CPU
		{E1BA572D-E919-4511-B740-686FFF378BD0}.Debug|Any CPU.ActiveCfg = Debug|Any CPU
		{E1BA572D-E919-4511-B740-686FFF378BD0}.Debug|Any CPU.Build.0 = Debug|Any CPU
		{E1BA572D-E919-4511-B740-686FFF378BD0}.Debug|x64.ActiveCfg = Debug|Any CPU
		{E1BA572D-E919-4511-B740-686FFF378BD0}.Debug|x64.Build.0 = Debug|Any CPU
		{E1BA572D-E919-4511-B740-686FFF378BD0}.Debug|x86.ActiveCfg = Debug|Any CPU
		{E1BA572D-E919-4511-B740-686FFF378BD0}.Debug|x86.Build.0 = Debug|Any CPU
		{E1BA572D-E919-4511-B740-686FFF378BD0}.Release|Any CPU.ActiveCfg = Release|Any CPU
		{E1BA572D-E919-4511-B740-686FFF378BD0}.Release|Any CPU.Build.0 = Release|Any CPU
		{E1BA572D-E919-4511-B740-686FFF378BD0}.Release|x64.ActiveCfg = Release|Any CPU
		{E1BA572D-E919-4511-B740-686FFF378BD0}.Release|x64.Build.0 = Release|Any CPU
		{E1BA572D-E919-4511-B740-686FFF378BD0}.Release|x86.ActiveCfg = Release|Any CPU
		{E1BA572D-E919-4511-B740-686FFF378BD0}.Release|x86.Build.0 = Release|Any CPU
	EndGlobalSection
	GlobalSection(SolutionProperties) = preSolution
		HideSolutionNode = FALSE
	EndGlobalSection
EndGlobal
